
Microsoft Visual Studio Solution File, Format Version 12.00
# Visual Studio 2013
VisualStudioVersion = 12.0.21005.1
MinimumVisualStudioVersion = 10.0.40219.1
Project("{8BC9CEB8-8B4A-11D0-8D11-00A0C91BC942}") = "Common", "Common\Common.vcxproj", "{2EEFD2E1-F141-4133-BBEC-AABD749D505F}"
EndProject
Project("{8BC9CEB8-8B4A-11D0-8D11-00A0C91BC942}") = "CommonUnit", "CommonUnit\CommonUnit.vcxproj", "{C9361661-E5FB-4D19-9A76-0006A2940D4D}"
	ProjectSection(ProjectDependencies) = postProject
		{2EEFD2E1-F141-4133-BBEC-AABD749D505F} = {2EEFD2E1-F141-4133-BBEC-AABD749D505F}
	EndProjectSection
EndProject
Global
	GlobalSection(SolutionConfigurationPlatforms) = preSolution
		Debug|Win32 = Debug|Win32
		Release|Win32 = Release|Win32
	EndGlobalSection
	GlobalSection(ProjectConfigurationPlatforms) = postSolution
		{2EEFD2E1-F141-4133-BBEC-AABD749D505F}.Debug|Win32.ActiveCfg = Debug|Win32
		{2EEFD2E1-F141-4133-BBEC-AABD749D505F}.Debug|Win32.Build.0 = Debug|Win32
		{2EEFD2E1-F141-4133-BBEC-AABD749D505F}.Release|Win32.ActiveCfg = Release|Win32
		{2EEFD2E1-F141-4133-BBEC-AABD749D505F}.Release|Win32.Build.0 = Release|Win32
		{C9361661-E5FB-4D19-9A76-0006A2940D4D}.Debug|Win32.ActiveCfg = Debug|Win32
		{C9361661-E5FB-4D19-9A76-0006A2940D4D}.Debug|Win32.Build.0 = Debug|Win32
		{C9361661-E5FB-4D19-9A76-0006A2940D4D}.Release|Win32.ActiveCfg = Release|Win32
		{C9361661-E5FB-4D19-9A76-0006A2940D4D}.Release|Win32.Build.0 = Release|Win32
	EndGlobalSection
	GlobalSection(SolutionProperties) = preSolution
		HideSolutionNode = FALSE
	EndGlobalSection
EndGlobal
