<?xml version="1.0" encoding="utf-8"?>
<Project ToolsVersion="4.0" xmlns="http://schemas.microsoft.com/developer/msbuild/2003">
  <ItemGroup>
    <Filter Include="Implementation">
      <UniqueIdentifier>{4FC737F1-C7A5-4376-A066-2A32D752A2FF}</UniqueIdentifier>
      <Extensions>cpp;c;cc;cxx;def;odl;idl;hpj;bat;asm;asmx</Extensions>
    </Filter>
    <Filter Include="Source Files">
      <UniqueIdentifier>{73a18df1-7e31-431e-af05-a237925ea6b6}</UniqueIdentifier>
    </Filter>
    <Filter Include="Network">
      <UniqueIdentifier>{d1b3a916-b0ad-413c-b83f-930bf0897bf0}</UniqueIdentifier>
    </Filter>
  </ItemGroup>
  <ItemGroup>
    <ClCompile Include="..\Server\Main.cpp">
      <Filter>Implementation</Filter>
    </ClCompile>
    <ClCompile Include="Implementation\Controller.cpp">
      <Filter>Implementation</Filter>
    </ClCompile>
    <ClCompile Include="Implementation\ControllerImplementation.cpp">
      <Filter>Implementation</Filter>
    </ClCompile>
    <ClCompile Include="Implementation\Interface.cpp">
      <Filter>Implementation</Filter>
    </ClCompile>
    <ClCompile Include="Implementation\FrameImplementation.cpp">
      <Filter>Implementation</Filter>
    </ClCompile>
    <ClCompile Include="Implementation\Frame.cpp">
      <Filter>Implementation</Filter>
    </ClCompile>
    <ClCompile Include="Implementation\GestureList.cpp">
      <Filter>Implementation</Filter>
    </ClCompile>
    <ClCompile Include="Implementation\FingerList.cpp">
      <Filter>Implementation</Filter>
    </ClCompile>
    <ClCompile Include="Implementation\GestureImplementation.cpp">
      <Filter>Implementation</Filter>
    </ClCompile>
    <ClCompile Include="Implementation\Gesture.cpp">
      <Filter>Implementation</Filter>
    </ClCompile>
    <ClCompile Include="Implementation\Arm.cpp">
      <Filter>Implementation</Filter>
    </ClCompile>
    <ClCompile Include="Implementation\ArmImplementation.cpp">
      <Filter>Implementation</Filter>
    </ClCompile>
    <ClCompile Include="Implementation\Bone.cpp">
      <Filter>Implementation</Filter>
    </ClCompile>
    <ClCompile Include="Implementation\BoneImplementation.cpp">
      <Filter>Implementation</Filter>
    </ClCompile>
    <ClCompile Include="Implementation\KeyTapGesture.cpp">
      <Filter>Implementation</Filter>
    </ClCompile>
    <ClCompile Include="Implementation\ScreenTapGesture.cpp">
      <Filter>Implementation</Filter>
    </ClCompile>
    <ClCompile Include="Implementation\TapGestureImplementation.cpp">
      <Filter>Implementation</Filter>
    </ClCompile>
    <ClCompile Include="Implementation\CircleGestureImplementation.cpp">
      <Filter>Implementation</Filter>
    </ClCompile>
    <ClCompile Include="Implementation\CircleGesture.cpp">
      <Filter>Implementation</Filter>
    </ClCompile>
    <ClCompile Include="Implementation\PointableImplementation.cpp">
      <Filter>Implementation</Filter>
    </ClCompile>
    <ClCompile Include="Implementation\Pointable.cpp">
      <Filter>Implementation</Filter>
    </ClCompile>
    <ClCompile Include="Implementation\FingerImplementation.cpp">
      <Filter>Implementation</Filter>
    </ClCompile>
    <ClCompile Include="Implementation\Finger.cpp">
      <Filter>Implementation</Filter>
    </ClCompile>
    <ClCompile Include="Implementation\PointableList.cpp">
      <Filter>Implementation</Filter>
    </ClCompile>
    <ClCompile Include="Implementation\HandImplementation.cpp">
      <Filter>Implementation</Filter>
    </ClCompile>
    <ClCompile Include="Implementation\Hand.cpp">
      <Filter>Implementation</Filter>
    </ClCompile>
    <ClCompile Include="Implementation\HandList.cpp">
      <Filter>Implementation</Filter>
    </ClCompile>
    <ClCompile Include="Implementation\SwipeGestureImplementation.cpp">
      <Filter>Implementation</Filter>
    </ClCompile>
    <ClCompile Include="Implementation\SwipeGesture.cpp">
      <Filter>Implementation</Filter>
    </ClCompile>
    <ClCompile Include="Implementation\Tool.cpp">
      <Filter>Implementation</Filter>
    </ClCompile>
    <ClCompile Include="Implementation\ToolList.cpp">
      <Filter>Implementation</Filter>
    </ClCompile>
    <ClCompile Include="Implementation\InteractionBox.cpp">
      <Filter>Implementation</Filter>
    </ClCompile>
    <ClCompile Include="Network\UpdSocket.cpp">
      <Filter>Network</Filter>
    </ClCompile>
    <ClCompile Include="Network\StreamSocket.cpp">
      <Filter>Network</Filter>
    </ClCompile>
    <ClCompile Include="Network\Network.cpp">
      <Filter>Network</Filter>
    </ClCompile>
    <ClCompile Include="Common.cpp">
      <Filter>Source Files</Filter>
    </ClCompile>
    <ClCompile Include="Network\Buffer.cpp">
      <Filter>Network</Filter>
    </ClCompile>
  </ItemGroup>
  <ItemGroup>
    <ClInclude Include="Implementation\ControllerImplementation.h">
      <Filter>Implementation</Filter>
    </ClInclude>
    <ClInclude Include="Implementation\SharedObject.h">
      <Filter>Implementation</Filter>
    </ClInclude>
    <ClInclude Include="Common.h">
      <Filter>Source Files</Filter>
    </ClInclude>
    <ClInclude Include="Implementation\FrameImplementation.h">
      <Filter>Implementation</Filter>
    </ClInclude>
    <ClInclude Include="Implementation\ListBaseImplementation.h">
      <Filter>Implementation</Filter>
    </ClInclude>
    <ClInclude Include="Implementation\GestureImplementation.h">
      <Filter>Implementation</Filter>
    </ClInclude>
    <ClInclude Include="Implementation\ArmImplementation.h">
      <Filter>Implementation</Filter>
    </ClInclude>
    <ClInclude Include="Implementation\BoneImplementation.h">
      <Filter>Implementation</Filter>
    </ClInclude>
    <ClInclude Include="Implementation\TapGestureImplementation.h">
      <Filter>Implementation</Filter>
    </ClInclude>
    <ClInclude Include="Implementation\CircleGestureImplementation.h">
      <Filter>Implementation</Filter>
    </ClInclude>
    <ClInclude Include="Implementation\PointableImplementation.h">
      <Filter>Implementation</Filter>
    </ClInclude>
    <ClInclude Include="Implementation\FingerImplementation.h">
      <Filter>Implementation</Filter>
    </ClInclude>
    <ClInclude Include="Implementation\HandImplementation.h">
      <Filter>Implementation</Filter>
    </ClInclude>
    <ClInclude Include="Implementation\SwipeGestureImplementation.h">
      <Filter>Implementation</Filter>
    </ClInclude>
    <ClInclude Include="Network\Network.h">
      <Filter>Network</Filter>
    </ClInclude>
    <ClInclude Include="Network\Socket.h">
      <Filter>Network</Filter>
    </ClInclude>
    <ClInclude Include="Network\Buffer.h">
      <Filter>Network</Filter>
    </ClInclude>
  </ItemGroup>
</Project>